<?xml version="1.0" encoding="utf-8"?>
<Project ToolsVersion="4.0" xmlns="http://schemas.microsoft.com/developer/msbuild/2003">
  <ItemGroup>
    <Library Include="..\..\Lib\glut32.lib" />
  </ItemGroup>
  <ItemGroup>
    <Filter Include="2D">
      <UniqueIdentifier>{190a8743-66c8-434d-9db6-021c2afb1805}</UniqueIdentifier>
    </Filter>
    <Filter Include="3D">
      <UniqueIdentifier>{ddaea287-47bd-4263-9163-e08f30f9a4ee}</UniqueIdentifier>
    </Filter>
    <Filter Include="Lib">
      <UniqueIdentifier>{29371ba3-a7da-405e-8a9c-f249069ef9a9}</UniqueIdentifier>
    </Filter>
    <Filter Include="Include">
      <UniqueIdentifier>{8f40b1f1-bf7b-48bc-bc4a-2fd053092f75}</UniqueIdentifier>
    </Filter>
    <Filter Include="Include\3D">
      <UniqueIdentifier>{ce558e8a-9ed3-40c1-8792-0b55c5a3a22d}</UniqueIdentifier>
    </Filter>
    <Filter Include="Include\2D">
      <UniqueIdentifier>{b181eefc-522c-40cc-a654-6c63d5d6341d}</UniqueIdentifier>
    </Filter>
  </ItemGroup>
  <ItemGroup>
    <ClCompile Include="..\..\Src\3D\Position3D.cpp">
      <Filter>3D</Filter>
    </ClCompile>
    <ClCompile Include="..\..\Src\2D\Rectangle.cpp">
      <Filter>2D</Filter>
    </ClCompile>
    <ClCompile Include="..\..\Src\2D\Position2D.cpp">
      <Filter>2D</Filter>
    </ClCompile>
    <ClCompile Include="..\..\Src\2D\Conteneur.cpp">
      <Filter>2D</Filter>
    </ClCompile>
    <ClCompile Include="..\..\Src\2D\Composant.cpp">
      <Filter>2D</Filter>
    </ClCompile>
    <ClCompile Include="..\..\Src\main.cpp" />
    <ClCompile Include="..\..\Src\2D\ArbreBinaire.cpp">
      <Filter>2D</Filter>
    </ClCompile>
    <ClCompile Include="..\..\Src\2D\CSVReader.cpp">
      <Filter>2D</Filter>
    </ClCompile>
    <ClCompile Include="..\..\Src\2D\Algorithm.cpp">
      <Filter>2D</Filter>
    </ClCompile>
  </ItemGroup>
  <ItemGroup>
    <ClInclude Include="..\..\Include\2D\Composant.h">
      <Filter>Include\2D</Filter>
    </ClInclude>
    <ClInclude Include="..\..\Include\2D\Conteneur.h">
      <Filter>Include\2D</Filter>
    </ClInclude>
    <ClInclude Include="..\..\Include\2D\Position2D.h">
      <Filter>Include\2D</Filter>
    </ClInclude>
    <ClInclude Include="..\..\Include\2D\Rectangle.h">
      <Filter>Include\2D</Filter>
    </ClInclude>
    <ClInclude Include="..\..\Include\3D\Position3D.h">
      <Filter>Include\3D</Filter>
    </ClInclude>
    <ClInclude Include="..\..\Include\2D\CSVReader.h">
      <Filter>Include\2D</Filter>
    </ClInclude>
    <ClInclude Include="..\..\Include\2D\ArbreBinaire.h">
      <Filter>Include\2D</Filter>
    </ClInclude>
    <ClInclude Include="..\..\Include\2D\Algorithm.h">
      <Filter>Include\2D</Filter>
    </ClInclude>
  </ItemGroup>
</Project>