<?xml version="1.0" encoding="utf-8"?>
<Project ToolsVersion="4.0" xmlns="http://schemas.microsoft.com/developer/msbuild/2003">
  <ItemGroup>
    <Filter Include="Source Files">
      <UniqueIdentifier>{4FC737F1-C7A5-4376-A066-2A32D752A2FF}</UniqueIdentifier>
      <Extensions>cpp;c;cc;cxx;def;odl;idl;hpj;bat;asm;asmx</Extensions>
    </Filter>
    <Filter Include="Header Files">
      <UniqueIdentifier>{93995380-89BD-4b04-88EB-625FBE52EBFB}</UniqueIdentifier>
      <Extensions>h;hpp;hxx;hm;inl;inc;xsd</Extensions>
    </Filter>
    <Filter Include="Resource Files">
      <UniqueIdentifier>{67DA6AB6-F800-4c08-8B7A-83BB121AAD01}</UniqueIdentifier>
      <Extensions>rc;ico;cur;bmp;dlg;rc2;rct;bin;rgs;gif;jpg;jpeg;jpe;resx;tiff;tif;png;wav</Extensions>
    </Filter>
    <Filter Include="Source Files\ChargeFilePng">
      <UniqueIdentifier>{5a31b5f3-45f7-460b-beaa-71828a1bd0ed}</UniqueIdentifier>
    </Filter>
    <Filter Include="Source Files\ChargeFilePng\Png">
      <UniqueIdentifier>{1bc9ae18-bb55-423f-bdb3-85fc38918c15}</UniqueIdentifier>
    </Filter>
  </ItemGroup>
  <ItemGroup>
    <Library Include="..\..\Lib\glut32.ms.lib" />
  </ItemGroup>
  <ItemGroup>
    <ClCompile Include="..\..\Src\main.cpp">
      <Filter>Source Files</Filter>
    </ClCompile>
    <ClCompile Include="..\..\Src\MorceauParcours.cpp">
      <Filter>Source Files</Filter>
    </ClCompile>
    <ClCompile Include="..\..\Src\MorceauParcoursLigne.cpp">
      <Filter>Source Files</Filter>
    </ClCompile>
    <ClCompile Include="..\..\Src\MorceauParcoursVirage.cpp">
      <Filter>Source Files</Filter>
    </ClCompile>
    <ClCompile Include="..\..\Src\CH3D.cpp">
      <Filter>Source Files</Filter>
    </ClCompile>
    <ClCompile Include="..\..\Src\Dir3D.cpp">
      <Filter>Source Files</Filter>
    </ClCompile>
    <ClCompile Include="..\..\Src\Pos3D.cpp">
      <Filter>Source Files</Filter>
    </ClCompile>
    <ClCompile Include="..\..\Src\Object3D.cpp">
      <Filter>Source Files</Filter>
    </ClCompile>
    <ClCompile Include="..\..\Src\RT3D.cpp">
      <Filter>Source Files</Filter>
    </ClCompile>
    <ClCompile Include="..\..\Src\TG3D.cpp">
      <Filter>Source Files</Filter>
    </ClCompile>
    <ClCompile Include="..\..\Src\Cars.cpp">
      <Filter>Source Files</Filter>
    </ClCompile>
    <ClCompile Include="..\..\Src\TR3D.cpp">
      <Filter>Source Files</Filter>
    </ClCompile>
    <ClCompile Include="..\..\Src\Wheel.cpp">
      <Filter>Source Files</Filter>
    </ClCompile>
    <ClCompile Include="..\..\Src\Tree.cpp">
      <Filter>Source Files</Filter>
    </ClCompile>
    <ClCompile Include="..\..\Src\Branch.cpp">
      <Filter>Source Files</Filter>
    </ClCompile>
    <ClCompile Include="..\..\Src\PNG\ChargePngFile.cpp">
      <Filter>Source Files\ChargeFilePng</Filter>
    </ClCompile>
    <ClCompile Include="..\..\Src\PNG\Espace3UC.cpp">
      <Filter>Source Files\ChargeFilePng</Filter>
    </ClCompile>
    <ClCompile Include="..\..\Src\PNG\Image.cpp">
      <Filter>Source Files\ChargeFilePng</Filter>
    </ClCompile>
    <ClCompile Include="..\..\Src\PNG\ImageUtils.cpp">
      <Filter>Source Files\ChargeFilePng</Filter>
    </ClCompile>
    <ClCompile Include="..\..\Src\PNG\PngFile.cpp">
      <Filter>Source Files\ChargeFilePng</Filter>
    </ClCompile>
    <ClCompile Include="..\..\Src\PNG\Png\adler32.c">
      <Filter>Source Files\ChargeFilePng\Png</Filter>
    </ClCompile>
    <ClCompile Include="..\..\Src\PNG\Png\compress.c">
      <Filter>Source Files\ChargeFilePng\Png</Filter>
    </ClCompile>
    <ClCompile Include="..\..\Src\PNG\Png\crc32.c">
      <Filter>Source Files\ChargeFilePng\Png</Filter>
    </ClCompile>
    <ClCompile Include="..\..\Src\PNG\Png\deflate.c">
      <Filter>Source Files\ChargeFilePng\Png</Filter>
    </ClCompile>
    <ClCompile Include="..\..\Src\PNG\Png\gzio.c">
      <Filter>Source Files\ChargeFilePng\Png</Filter>
    </ClCompile>
    <ClCompile Include="..\..\Src\PNG\Png\infback.c">
      <Filter>Source Files\ChargeFilePng\Png</Filter>
    </ClCompile>
    <ClCompile Include="..\..\Src\PNG\Png\inffast.c">
      <Filter>Source Files\ChargeFilePng\Png</Filter>
    </ClCompile>
    <ClCompile Include="..\..\Src\PNG\Png\inflate.c">
      <Filter>Source Files\ChargeFilePng\Png</Filter>
    </ClCompile>
    <ClCompile Include="..\..\Src\PNG\Png\inftrees.c">
      <Filter>Source Files\ChargeFilePng\Png</Filter>
    </ClCompile>
    <ClCompile Include="..\..\Src\PNG\Png\png.c">
      <Filter>Source Files\ChargeFilePng\Png</Filter>
    </ClCompile>
    <ClCompile Include="..\..\Src\PNG\Png\pngerror.c">
      <Filter>Source Files\ChargeFilePng\Png</Filter>
    </ClCompile>
    <ClCompile Include="..\..\Src\PNG\Png\pngget.c">
      <Filter>Source Files\ChargeFilePng\Png</Filter>
    </ClCompile>
    <ClCompile Include="..\..\Src\PNG\Png\pngmem.c">
      <Filter>Source Files\ChargeFilePng\Png</Filter>
    </ClCompile>
    <ClCompile Include="..\..\Src\PNG\Png\pngpread.c">
      <Filter>Source Files\ChargeFilePng\Png</Filter>
    </ClCompile>
    <ClCompile Include="..\..\Src\PNG\Png\pngread.c">
      <Filter>Source Files\ChargeFilePng\Png</Filter>
    </ClCompile>
    <ClCompile Include="..\..\Src\PNG\Png\pngrio.c">
      <Filter>Source Files\ChargeFilePng\Png</Filter>
    </ClCompile>
    <ClCompile Include="..\..\Src\PNG\Png\pngrtran.c">
      <Filter>Source Files\ChargeFilePng\Png</Filter>
    </ClCompile>
    <ClCompile Include="..\..\Src\PNG\Png\pngrutil.c">
      <Filter>Source Files\ChargeFilePng\Png</Filter>
    </ClCompile>
    <ClCompile Include="..\..\Src\PNG\Png\pngset.c">
      <Filter>Source Files\ChargeFilePng\Png</Filter>
    </ClCompile>
    <ClCompile Include="..\..\Src\PNG\Png\pngtrans.c">
      <Filter>Source Files\ChargeFilePng\Png</Filter>
    </ClCompile>
    <ClCompile Include="..\..\Src\PNG\Png\pngwio.c">
      <Filter>Source Files\ChargeFilePng\Png</Filter>
    </ClCompile>
    <ClCompile Include="..\..\Src\PNG\Png\pngwrite.c">
      <Filter>Source Files\ChargeFilePng\Png</Filter>
    </ClCompile>
    <ClCompile Include="..\..\Src\PNG\Png\pngwtran.c">
      <Filter>Source Files\ChargeFilePng\Png</Filter>
    </ClCompile>
    <ClCompile Include="..\..\Src\PNG\Png\pngwutil.c">
      <Filter>Source Files\ChargeFilePng\Png</Filter>
    </ClCompile>
    <ClCompile Include="..\..\Src\PNG\Png\trees.c">
      <Filter>Source Files\ChargeFilePng\Png</Filter>
    </ClCompile>
    <ClCompile Include="..\..\Src\PNG\Png\uncompr.c">
      <Filter>Source Files\ChargeFilePng\Png</Filter>
    </ClCompile>
    <ClCompile Include="..\..\Src\PNG\Png\zutil.c">
      <Filter>Source Files\ChargeFilePng\Png</Filter>
    </ClCompile>
  </ItemGroup>
  <ItemGroup>
    <ClInclude Include="..\..\Include\MorceauParcours.h">
      <Filter>Header Files</Filter>
    </ClInclude>
    <ClInclude Include="..\..\Include\MorceauParcoursLigne.h">
      <Filter>Header Files</Filter>
    </ClInclude>
    <ClInclude Include="..\..\Include\MorceauParcoursVirage.h">
      <Filter>Header Files</Filter>
    </ClInclude>
    <ClInclude Include="..\..\Include\CH3D.h">
      <Filter>Header Files</Filter>
    </ClInclude>
    <ClInclude Include="..\..\Include\Dir3D.h">
      <Filter>Header Files</Filter>
    </ClInclude>
    <ClInclude Include="..\..\Include\Pos3D.h">
      <Filter>Header Files</Filter>
    </ClInclude>
    <ClInclude Include="..\..\Include\Object3D.h">
      <Filter>Header Files</Filter>
    </ClInclude>
    <ClInclude Include="..\..\Include\RT3D.h">
      <Filter>Header Files</Filter>
    </ClInclude>
    <ClInclude Include="..\..\Include\TG3D.h">
      <Filter>Header Files</Filter>
    </ClInclude>
    <ClInclude Include="..\..\Include\Cars.h">
      <Filter>Header Files</Filter>
    </ClInclude>
    <ClInclude Include="..\..\Include\TR3D.h">
      <Filter>Header Files</Filter>
    </ClInclude>
    <ClInclude Include="..\..\Include\Wheel.h">
      <Filter>Header Files</Filter>
    </ClInclude>
    <ClInclude Include="..\..\Include\Tree.h">
      <Filter>Header Files</Filter>
    </ClInclude>
    <ClInclude Include="..\..\Include\Branch.h">
      <Filter>Header Files</Filter>
    </ClInclude>
    <ClInclude Include="..\..\Src\PNG\ChargePngFile.h">
      <Filter>Source Files\ChargeFilePng</Filter>
    </ClInclude>
    <ClInclude Include="..\..\Src\PNG\Espace3UC.h">
      <Filter>Source Files\ChargeFilePng</Filter>
    </ClInclude>
    <ClInclude Include="..\..\Src\PNG\Image.h">
      <Filter>Source Files\ChargeFilePng</Filter>
    </ClInclude>
    <ClInclude Include="..\..\Src\PNG\ImageUtils.h">
      <Filter>Source Files\ChargeFilePng</Filter>
    </ClInclude>
    <ClInclude Include="..\..\Src\PNG\PngFile.h">
      <Filter>Source Files\ChargeFilePng</Filter>
    </ClInclude>
    <ClInclude Include="..\..\Src\PNG\Png\cexcept.h">
      <Filter>Source Files\ChargeFilePng\Png</Filter>
    </ClInclude>
    <ClInclude Include="..\..\Src\PNG\Png\crc32.h">
      <Filter>Source Files\ChargeFilePng\Png</Filter>
    </ClInclude>
    <ClInclude Include="..\..\Src\PNG\Png\deflate.h">
      <Filter>Source Files\ChargeFilePng\Png</Filter>
    </ClInclude>
    <ClInclude Include="..\..\Src\PNG\Png\inffast.h">
      <Filter>Source Files\ChargeFilePng\Png</Filter>
    </ClInclude>
    <ClInclude Include="..\..\Src\PNG\Png\inffixed.h">
      <Filter>Source Files\ChargeFilePng\Png</Filter>
    </ClInclude>
    <ClInclude Include="..\..\Src\PNG\Png\inflate.h">
      <Filter>Source Files\ChargeFilePng\Png</Filter>
    </ClInclude>
    <ClInclude Include="..\..\Src\PNG\Png\inftrees.h">
      <Filter>Source Files\ChargeFilePng\Png</Filter>
    </ClInclude>
    <ClInclude Include="..\..\Src\PNG\Png\png.h">
      <Filter>Source Files\ChargeFilePng\Png</Filter>
    </ClInclude>
    <ClInclude Include="..\..\Src\PNG\Png\pngconf.h">
      <Filter>Source Files\ChargeFilePng\Png</Filter>
    </ClInclude>
    <ClInclude Include="..\..\Src\PNG\Png\trees.h">
      <Filter>Source Files\ChargeFilePng\Png</Filter>
    </ClInclude>
    <ClInclude Include="..\..\Src\PNG\Png\zconf.h">
      <Filter>Source Files\ChargeFilePng\Png</Filter>
    </ClInclude>
    <ClInclude Include="..\..\Src\PNG\Png\zconf.in.h">
      <Filter>Source Files\ChargeFilePng\Png</Filter>
    </ClInclude>
    <ClInclude Include="..\..\Src\PNG\Png\zlib.h">
      <Filter>Source Files\ChargeFilePng\Png</Filter>
    </ClInclude>
    <ClInclude Include="..\..\Src\PNG\Png\zutil.h">
      <Filter>Source Files\ChargeFilePng\Png</Filter>
    </ClInclude>
  </ItemGroup>
</Project>